
Microsoft Visual Studio Solution File, Format Version 12.00
# Visual Studio Version 17
VisualStudioVersion = 17.3.32825.248
MinimumVisualStudioVersion = 10.0.40219.1
Project("{FAE04EC0-301F-11D3-BF4B-00C04F79EFBC}") = "ExtensionExample2", "ExtensionExample2\ExtensionExample2.csproj", "{F6D44191-FCF2-40CE-8AC3-327AAFC9DD42}"
EndProject
Project("{FAE04EC0-301F-11D3-BF4B-00C04F79EFBC}") = "ExtensionExample1", "ExtensionExample1\ExtensionExample1.csproj", "{10176947-9744-449C-B56A-B0B379EAD08B}"
EndProject
Global
	GlobalSection(SolutionConfigurationPlatforms) = preSolution
		Debug|Any CPU = Debug|Any CPU
		Release|Any CPU = Release|Any CPU
	EndGlobalSection
	GlobalSection(ProjectConfigurationPlatforms) = postSolution
		{F6D44191-FCF2-40CE-8AC3-327AAFC9DD42}.Debug|Any CPU.ActiveCfg = Debug|Any CPU
		{F6D44191-FCF2-40CE-8AC3-327AAFC9DD42}.Debug|Any CPU.Build.0 = Debug|Any CPU
		{F6D44191-FCF2-40CE-8AC3-327AAFC9DD42}.Release|Any CPU.ActiveCfg = Release|Any CPU
		{F6D44191-FCF2-40CE-8AC3-327AAFC9DD42}.Release|Any CPU.Build.0 = Release|Any CPU
		{10176947-9744-449C-B56A-B0B379EAD08B}.Debug|Any CPU.ActiveCfg = Debug|Any CPU
		{10176947-9744-449C-B56A-B0B379EAD08B}.Debug|Any CPU.Build.0 = Debug|Any CPU
		{10176947-9744-449C-B56A-B0B379EAD08B}.Release|Any CPU.ActiveCfg = Release|Any CPU
		{10176947-9744-449C-B56A-B0B379EAD08B}.Release|Any CPU.Build.0 = Release|Any CPU
	EndGlobalSection
	GlobalSection(SolutionProperties) = preSolution
		HideSolutionNode = FALSE
	EndGlobalSection
	GlobalSection(ExtensibilityGlobals) = postSolution
		SolutionGuid = {B9E1CDC1-38FE-4D83-9660-70A155AB3F42}
	EndGlobalSection
EndGlobal
